
Microsoft Visual Studio Solution File, Format Version 12.00
# Visual Studio 15
Project("{FAE04EC0-301F-11D3-BF4B-00C04F79EFBC}") = "CDemo.Android", "CDemo.Android\CDemo.Android.csproj", "{B42969FE-6783-4E53-A2DD-0FA80B5D3FC3}"
EndProject
Project("{FAE04EC0-301F-11D3-BF4B-00C04F79EFBC}") = "CDemo.iOS", "CDemo.iOS\CDemo.iOS.csproj", "{B1D693A6-51AF-4126-A5DB-D0CFFD18758E}"
EndProject
Project("{FAE04EC0-301F-11D3-BF4B-00C04F79EFBC}") = "CDemo", "CDemo\CDemo.csproj", "{D6A94E61-60D8-43D5-9947-318AF3461A84}"
EndProject
Global
	GlobalSection(SolutionConfigurationPlatforms) = preSolution
		Debug|Any CPU = Debug|Any CPU
		Release|Any CPU = Release|Any CPU
		Debug|iPhoneSimulator = Debug|iPhoneSimulator
		Release|iPhoneSimulator = Release|iPhoneSimulator
		Debug|iPhone = Debug|iPhone
		Release|iPhone = Release|iPhone
	EndGlobalSection
	GlobalSection(ProjectConfigurationPlatforms) = postSolution
		{B42969FE-6783-4E53-A2DD-0FA80B5D3FC3}.Debug|Any CPU.ActiveCfg = Debug|Any CPU
		{B42969FE-6783-4E53-A2DD-0FA80B5D3FC3}.Debug|Any CPU.Build.0 = Debug|Any CPU
		{B42969FE-6783-4E53-A2DD-0FA80B5D3FC3}.Release|Any CPU.ActiveCfg = Release|Any CPU
		{B42969FE-6783-4E53-A2DD-0FA80B5D3FC3}.Release|Any CPU.Build.0 = Release|Any CPU
		{B42969FE-6783-4E53-A2DD-0FA80B5D3FC3}.Debug|iPhoneSimulator.ActiveCfg = Debug|Any CPU
		{B42969FE-6783-4E53-A2DD-0FA80B5D3FC3}.Debug|iPhoneSimulator.Build.0 = Debug|Any CPU
		{B42969FE-6783-4E53-A2DD-0FA80B5D3FC3}.Release|iPhoneSimulator.ActiveCfg = Release|Any CPU
		{B42969FE-6783-4E53-A2DD-0FA80B5D3FC3}.Release|iPhoneSimulator.Build.0 = Release|Any CPU
		{B42969FE-6783-4E53-A2DD-0FA80B5D3FC3}.Debug|iPhone.ActiveCfg = Debug|Any CPU
		{B42969FE-6783-4E53-A2DD-0FA80B5D3FC3}.Debug|iPhone.Build.0 = Debug|Any CPU
		{B42969FE-6783-4E53-A2DD-0FA80B5D3FC3}.Release|iPhone.ActiveCfg = Release|Any CPU
		{B42969FE-6783-4E53-A2DD-0FA80B5D3FC3}.Release|iPhone.Build.0 = Release|Any CPU
		{B1D693A6-51AF-4126-A5DB-D0CFFD18758E}.Debug|Any CPU.ActiveCfg = Debug|iPhoneSimulator
		{B1D693A6-51AF-4126-A5DB-D0CFFD18758E}.Debug|Any CPU.Build.0 = Debug|iPhoneSimulator
		{B1D693A6-51AF-4126-A5DB-D0CFFD18758E}.Release|Any CPU.ActiveCfg = Release|iPhoneSimulator
		{B1D693A6-51AF-4126-A5DB-D0CFFD18758E}.Release|Any CPU.Build.0 = Release|iPhoneSimulator
		{B1D693A6-51AF-4126-A5DB-D0CFFD18758E}.Debug|iPhoneSimulator.ActiveCfg = Debug|iPhoneSimulator
		{B1D693A6-51AF-4126-A5DB-D0CFFD18758E}.Debug|iPhoneSimulator.Build.0 = Debug|iPhoneSimulator
		{B1D693A6-51AF-4126-A5DB-D0CFFD18758E}.Release|iPhoneSimulator.ActiveCfg = Release|iPhoneSimulator
		{B1D693A6-51AF-4126-A5DB-D0CFFD18758E}.Release|iPhoneSimulator.Build.0 = Release|iPhoneSimulator
		{B1D693A6-51AF-4126-A5DB-D0CFFD18758E}.Debug|iPhone.ActiveCfg = Debug|iPhone
		{B1D693A6-51AF-4126-A5DB-D0CFFD18758E}.Debug|iPhone.Build.0 = Debug|iPhone
		{B1D693A6-51AF-4126-A5DB-D0CFFD18758E}.Release|iPhone.ActiveCfg = Release|iPhone
		{B1D693A6-51AF-4126-A5DB-D0CFFD18758E}.Release|iPhone.Build.0 = Release|iPhone
		{D6A94E61-60D8-43D5-9947-318AF3461A84}.Debug|Any CPU.ActiveCfg = Debug|Any CPU
		{D6A94E61-60D8-43D5-9947-318AF3461A84}.Debug|Any CPU.Build.0 = Debug|Any CPU
		{D6A94E61-60D8-43D5-9947-318AF3461A84}.Release|Any CPU.ActiveCfg = Release|Any CPU
		{D6A94E61-60D8-43D5-9947-318AF3461A84}.Release|Any CPU.Build.0 = Release|Any CPU
		{D6A94E61-60D8-43D5-9947-318AF3461A84}.Debug|iPhoneSimulator.ActiveCfg = Debug|Any CPU
		{D6A94E61-60D8-43D5-9947-318AF3461A84}.Debug|iPhoneSimulator.Build.0 = Debug|Any CPU
		{D6A94E61-60D8-43D5-9947-318AF3461A84}.Release|iPhoneSimulator.ActiveCfg = Release|Any CPU
		{D6A94E61-60D8-43D5-9947-318AF3461A84}.Release|iPhoneSimulator.Build.0 = Release|Any CPU
		{D6A94E61-60D8-43D5-9947-318AF3461A84}.Debug|iPhone.ActiveCfg = Debug|Any CPU
		{D6A94E61-60D8-43D5-9947-318AF3461A84}.Debug|iPhone.Build.0 = Debug|Any CPU
		{D6A94E61-60D8-43D5-9947-318AF3461A84}.Release|iPhone.ActiveCfg = Release|Any CPU
		{D6A94E61-60D8-43D5-9947-318AF3461A84}.Release|iPhone.Build.0 = Release|Any CPU
	EndGlobalSection
EndGlobal
